{
  "version": 4,
  "terraform_version": "1.9.4",
  "serial": 8,
  "lineage": "496efd7d-3c7b-4811-d792-84ff5ac52341",
  "outputs": {},
  "resources": [
    {
      "mode": "managed",
      "type": "azurerm_network_security_group",
      "name": "example",
      "provider": "provider[\"registry.terraform.io/hashicorp/azurerm\"]",
      "instances": [
        {
          "schema_version": 0,
          "attributes": {
            "id": "/subscriptions/a36760c5-f056-4b32-acc9-03da7de255ec/resourceGroups/rg-mmuns-network-test-tf/providers/Microsoft.Network/networkSecurityGroups/example-security-group",
            "location": "centralus",
            "name": "example-security-group",
            "resource_group_name": "rg-mmuns-network-test-tf",
            "security_rule": [],
            "tags": null,
            "timeouts": null
          },
          "sensitive_attributes": [],
          "private": "eyJlMmJmYjczMC1lY2FhLTExZTYtOGY4OC0zNDM2M2JjN2M0YzAiOnsiY3JlYXRlIjoxODAwMDAwMDAwMDAwLCJkZWxldGUiOjE4MDAwMDAwMDAwMDAsInJlYWQiOjMwMDAwMDAwMDAwMCwidXBkYXRlIjoxODAwMDAwMDAwMDAwfX0=",
          "dependencies": [
            "azurerm_resource_group.my_rg"
          ]
        }
      ]
    },
    {
      "mode": "managed",
      "type": "azurerm_resource_group",
      "name": "my_rg",
      "provider": "provider[\"registry.terraform.io/hashicorp/azurerm\"]",
      "instances": [
        {
          "schema_version": 0,
          "attributes": {
            "id": "/subscriptions/a36760c5-f056-4b32-acc9-03da7de255ec/resourceGroups/rg-mmuns-network-test-tf",
            "location": "centralus",
            "managed_by": "",
            "name": "rg-mmuns-network-test-tf",
            "tags": null,
            "timeouts": null
          },
          "sensitive_attributes": [],
          "private": "eyJlMmJmYjczMC1lY2FhLTExZTYtOGY4OC0zNDM2M2JjN2M0YzAiOnsiY3JlYXRlIjo1NDAwMDAwMDAwMDAwLCJkZWxldGUiOjU0MDAwMDAwMDAwMDAsInJlYWQiOjMwMDAwMDAwMDAwMCwidXBkYXRlIjo1NDAwMDAwMDAwMDAwfX0="
        }
      ]
    },
    {
      "mode": "managed",
      "type": "azurerm_virtual_network",
      "name": "example",
      "provider": "provider[\"registry.terraform.io/hashicorp/azurerm\"]",
      "instances": [
        {
          "schema_version": 0,
          "attributes": {
            "address_space": [
              "10.0.0.0/16"
            ],
            "bgp_community": "",
            "ddos_protection_plan": [],
            "dns_servers": [
              "10.0.0.4",
              "10.0.0.5"
            ],
            "edge_zone": "",
            "encryption": [],
            "flow_timeout_in_minutes": 0,
            "guid": "ab8045f4-ade2-45b4-a431-a2e2762a9264",
            "id": "/subscriptions/a36760c5-f056-4b32-acc9-03da7de255ec/resourceGroups/rg-mmuns-network-test-tf/providers/Microsoft.Network/virtualNetworks/mmuns-tf-network-001",
            "location": "centralus",
            "name": "mmuns-tf-network-001",
            "resource_group_name": "rg-mmuns-network-test-tf",
            "subnet": [
              {
                "address_prefix": "10.0.1.0/24",
                "id": "/subscriptions/a36760c5-f056-4b32-acc9-03da7de255ec/resourceGroups/rg-mmuns-network-test-tf/providers/Microsoft.Network/virtualNetworks/mmuns-tf-network-001/subnets/subnet1",
                "name": "subnet1",
                "security_group": ""
              },
              {
                "address_prefix": "10.0.2.0/24",
                "id": "/subscriptions/a36760c5-f056-4b32-acc9-03da7de255ec/resourceGroups/rg-mmuns-network-test-tf/providers/Microsoft.Network/virtualNetworks/mmuns-tf-network-001/subnets/subnet2",
                "name": "subnet2",
                "security_group": "/subscriptions/a36760c5-f056-4b32-acc9-03da7de255ec/resourceGroups/rg-mmuns-network-test-tf/providers/Microsoft.Network/networkSecurityGroups/example-security-group"
              }
            ],
            "tags": null,
            "timeouts": null
          },
          "sensitive_attributes": [],
          "private": "eyJlMmJmYjczMC1lY2FhLTExZTYtOGY4OC0zNDM2M2JjN2M0YzAiOnsiY3JlYXRlIjoxODAwMDAwMDAwMDAwLCJkZWxldGUiOjE4MDAwMDAwMDAwMDAsInJlYWQiOjMwMDAwMDAwMDAwMCwidXBkYXRlIjoxODAwMDAwMDAwMDAwfX0=",
          "dependencies": [
            "azurerm_network_security_group.example",
            "azurerm_resource_group.my_rg"
          ]
        }
      ]
    }
  ],
  "check_results": null
}
